// !$*UTF8*$!
{
	archiveVersion = 1;
	classes = {
	};
	objectVersion = 46;
	objects = {

/* Begin PBXBuildFile section */
		8672EB7413B4607400E64637 /* UIKit.framework in Frameworks */ = {isa = PBXBuildFile; fileRef = 8672EB7313B4607400E64637 /* UIKit.framework */; };
		8672EB7613B4607400E64637 /* Foundation.framework in Frameworks */ = {isa = PBXBuildFile; fileRef = 8672EB7513B4607400E64637 /* Foundation.framework */; };
		8672EB7813B4607400E64637 /* CoreGraphics.framework in Frameworks */ = {isa = PBXBuildFile; fileRef = 8672EB7713B4607400E64637 /* CoreGraphics.framework */; };
		8672EB7A13B4607400E64637 /* CoreData.framework in Frameworks */ = {isa = PBXBuildFile; fileRef = 8672EB7913B4607400E64637 /* CoreData.framework */; };
		8672EB8013B4607400E64637 /* InfoPlist.strings in Resources */ = {isa = PBXBuildFile; fileRef = 8672EB7E13B4607400E64637 /* InfoPlist.strings */; };
		8672EB8313B4607400E64637 /* main.m in Sources */ = {isa = PBXBuildFile; fileRef = 8672EB8213B4607400E64637 /* main.m */; };
		8672EB8613B4607400E64637 /* AboutTimePlusAppDelegate.m in Sources */ = {isa = PBXBuildFile; fileRef = 8672EB8513B4607400E64637 /* AboutTimePlusAppDelegate.m */; };
		8672EB8913B4607400E64637 /* AboutTimePlus.xcdatamodeld in Sources */ = {isa = PBXBuildFile; fileRef = 8672EB8713B4607400E64637 /* AboutTimePlus.xcdatamodeld */; };
		8672EB8D13B4607400E64637 /* AboutTimePlusAppDelegate_iPhone.m in Sources */ = {isa = PBXBuildFile; fileRef = 8672EB8C13B4607400E64637 /* AboutTimePlusAppDelegate_iPhone.m */; };
		8672EB9013B4607400E64637 /* MainWindow_iPhone.xib in Resources */ = {isa = PBXBuildFile; fileRef = 8672EB8E13B4607400E64637 /* MainWindow_iPhone.xib */; };
		8672EB9413B4607400E64637 /* AboutTimePlusAppDelegate_iPad.m in Sources */ = {isa = PBXBuildFile; fileRef = 8672EB9313B4607400E64637 /* AboutTimePlusAppDelegate_iPad.m */; };
		8672EB9713B4607400E64637 /* MainWindow_iPad.xib in Resources */ = {isa = PBXBuildFile; fileRef = 8672EB9513B4607400E64637 /* MainWindow_iPad.xib */; };
		8672EBA013B460F600E64637 /* MainViewController.m in Sources */ = {isa = PBXBuildFile; fileRef = 8672EB9E13B460F600E64637 /* MainViewController.m */; };
		8672EBA113B460F600E64637 /* MainViewController.xib in Resources */ = {isa = PBXBuildFile; fileRef = 8672EB9F13B460F600E64637 /* MainViewController.xib */; };
		E71F3E1F13B7314300291279 /* Reachability.m in Sources */ = {isa = PBXBuildFile; fileRef = E71F3E1613B7314300291279 /* Reachability.m */; };
		E71F3E2013B7314300291279 /* networking.m in Sources */ = {isa = PBXBuildFile; fileRef = E71F3E1813B7314300291279 /* networking.m */; };
		E71F3E2113B7314300291279 /* NSStreamAdditions.m in Sources */ = {isa = PBXBuildFile; fileRef = E71F3E1A13B7314300291279 /* NSStreamAdditions.m */; };
		E71F3E2213B7314300291279 /* SyncCenter.m in Sources */ = {isa = PBXBuildFile; fileRef = E71F3E1C13B7314300291279 /* SyncCenter.m */; };
		E71F3E2313B7314300291279 /* MyCLController.m in Sources */ = {isa = PBXBuildFile; fileRef = E71F3E1E13B7314300291279 /* MyCLController.m */; };
		E71F3E3813B7315800291279 /* STDeviceDetection.m in Sources */ = {isa = PBXBuildFile; fileRef = E71F3E2513B7315800291279 /* STDeviceDetection.m */; };
		E71F3E3913B7315800291279 /* UIImage+Alpha.m in Sources */ = {isa = PBXBuildFile; fileRef = E71F3E2613B7315800291279 /* UIImage+Alpha.m */; };
		E71F3E3A13B7315800291279 /* UIImage+RoundedCorner.m in Sources */ = {isa = PBXBuildFile; fileRef = E71F3E2713B7315800291279 /* UIImage+RoundedCorner.m */; };
		E71F3E3B13B7315800291279 /* UIImage+Resize.m in Sources */ = {isa = PBXBuildFile; fileRef = E71F3E2B13B7315800291279 /* UIImage+Resize.m */; };
		E71F3E3C13B7315800291279 /* CommandHeader.m in Sources */ = {isa = PBXBuildFile; fileRef = E71F3E2D13B7315800291279 /* CommandHeader.m */; };
		E71F3E3D13B7315800291279 /* AppSettings.m in Sources */ = {isa = PBXBuildFile; fileRef = E71F3E2F13B7315800291279 /* AppSettings.m */; };
		E71F3E3E13B7315800291279 /* EmployeeManager.m in Sources */ = {isa = PBXBuildFile; fileRef = E71F3E3113B7315800291279 /* EmployeeManager.m */; };
		E71F3E3F13B7315800291279 /* ClockState.m in Sources */ = {isa = PBXBuildFile; fileRef = E71F3E3313B7315800291279 /* ClockState.m */; };
		E71F3E4013B7315800291279 /* CustomerManager.m in Sources */ = {isa = PBXBuildFile; fileRef = E71F3E3513B7315800291279 /* CustomerManager.m */; };
		E71F3E4113B7315800291279 /* UIImageAdditions.m in Sources */ = {isa = PBXBuildFile; fileRef = E71F3E3713B7315800291279 /* UIImageAdditions.m */; };
		E71F3E4313B7319D00291279 /* CoreLocation.framework in Frameworks */ = {isa = PBXBuildFile; fileRef = E71F3E4213B7319D00291279 /* CoreLocation.framework */; };
		E71F3E4513B731B900291279 /* CFNetwork.framework in Frameworks */ = {isa = PBXBuildFile; fileRef = E71F3E4413B731B900291279 /* CFNetwork.framework */; };
		E71F3E4913B7325800291279 /* TimeRecordManager.m in Sources */ = {isa = PBXBuildFile; fileRef = E71F3E4813B7325800291279 /* TimeRecordManager.m */; };
		E71F3E4B13B732B400291279 /* SystemConfiguration.framework in Frameworks */ = {isa = PBXBuildFile; fileRef = E71F3E4A13B732B400291279 /* SystemConfiguration.framework */; };
		E7372DE713B727D300CC7D96 /* MainViewControllerIPAD.xib in Resources */ = {isa = PBXBuildFile; fileRef = E7372DE613B727D300CC7D96 /* MainViewControllerIPAD.xib */; };
		E7372DFF13B72DF900CC7D96 /* iFieldClock.xcdatamodel in Sources */ = {isa = PBXBuildFile; fileRef = E7372DFE13B72DF900CC7D96 /* iFieldClock.xcdatamodel */; };
		E7372E0213B72FC900CC7D96 /* FieldNoteBackup.m in Sources */ = {isa = PBXBuildFile; fileRef = E7372E0113B72FC800CC7D96 /* FieldNoteBackup.m */; };
		E7372E0513B72FC900CC7D96 /* EquipmentUse.m in Sources */ = {isa = PBXBuildFile; fileRef = E7372E0413B72FC900CC7D96 /* EquipmentUse.m */; };
		E7372E0813B72FC900CC7D96 /* MealExpenseBackup.m in Sources */ = {isa = PBXBuildFile; fileRef = E7372E0713B72FC900CC7D96 /* MealExpenseBackup.m */; };
		E7372E0B13B72FC900CC7D96 /* CostCode.m in Sources */ = {isa = PBXBuildFile; fileRef = E7372E0A13B72FC900CC7D96 /* CostCode.m */; };
		E7372E0E13B72FCA00CC7D96 /* EmployeeCostCode.m in Sources */ = {isa = PBXBuildFile; fileRef = E7372E0D13B72FCA00CC7D96 /* EmployeeCostCode.m */; };
		E7372E1113B72FCA00CC7D96 /* FeedbackQuestion.m in Sources */ = {isa = PBXBuildFile; fileRef = E7372E1013B72FCA00CC7D96 /* FeedbackQuestion.m */; };
		E7372E1413B72FCA00CC7D96 /* JobPhoto.m in Sources */ = {isa = PBXBuildFile; fileRef = E7372E1313B72FCA00CC7D96 /* JobPhoto.m */; };
		E7372E1713B72FCA00CC7D96 /* Customer.m in Sources */ = {isa = PBXBuildFile; fileRef = E7372E1613B72FCA00CC7D96 /* Customer.m */; };
		E7372E1A13B72FCB00CC7D96 /* SystemData.m in Sources */ = {isa = PBXBuildFile; fileRef = E7372E1913B72FCA00CC7D96 /* SystemData.m */; };
		E7372E1D13B72FCB00CC7D96 /* FieldNote.m in Sources */ = {isa = PBXBuildFile; fileRef = E7372E1C13B72FCB00CC7D96 /* FieldNote.m */; };
		E7372E2013B72FCB00CC7D96 /* CustomerEmployee.m in Sources */ = {isa = PBXBuildFile; fileRef = E7372E1F13B72FCB00CC7D96 /* CustomerEmployee.m */; };
		E7372E2313B72FCB00CC7D96 /* Clock.m in Sources */ = {isa = PBXBuildFile; fileRef = E7372E2213B72FCB00CC7D96 /* Clock.m */; };
		E7372E2613B72FCB00CC7D96 /* CustomerCostCode.m in Sources */ = {isa = PBXBuildFile; fileRef = E7372E2513B72FCB00CC7D96 /* CustomerCostCode.m */; };
		E7372E2913B72FCB00CC7D96 /* FeedbackAnswer.m in Sources */ = {isa = PBXBuildFile; fileRef = E7372E2813B72FCB00CC7D96 /* FeedbackAnswer.m */; };
		E7372E2C13B72FCC00CC7D96 /* TimeRecording.m in Sources */ = {isa = PBXBuildFile; fileRef = E7372E2B13B72FCC00CC7D96 /* TimeRecording.m */; };
		E7372E2F13B72FCC00CC7D96 /* TimeRecordingBackup.m in Sources */ = {isa = PBXBuildFile; fileRef = E7372E2E13B72FCC00CC7D96 /* TimeRecordingBackup.m */; };
		E7372E3213B72FCC00CC7D96 /* CustomList.m in Sources */ = {isa = PBXBuildFile; fileRef = E7372E3113B72FCC00CC7D96 /* CustomList.m */; };
		E7372E3513B72FCC00CC7D96 /* FeedbackAnswerBackup.m in Sources */ = {isa = PBXBuildFile; fileRef = E7372E3413B72FCC00CC7D96 /* FeedbackAnswerBackup.m */; };
		E7372E3813B72FCC00CC7D96 /* Equipment.m in Sources */ = {isa = PBXBuildFile; fileRef = E7372E3713B72FCC00CC7D96 /* Equipment.m */; };
		E7372E3B13B72FCD00CC7D96 /* MealExpense.m in Sources */ = {isa = PBXBuildFile; fileRef = E7372E3A13B72FCD00CC7D96 /* MealExpense.m */; };
		E7372E3E13B72FCD00CC7D96 /* Company.m in Sources */ = {isa = PBXBuildFile; fileRef = E7372E3D13B72FCD00CC7D96 /* Company.m */; };
		E7372E4113B72FCD00CC7D96 /* Employee.m in Sources */ = {isa = PBXBuildFile; fileRef = E7372E4013B72FCD00CC7D96 /* Employee.m */; };
/* End PBXBuildFile section */

/* Begin PBXFileReference section */
		8672EB6F13B4607400E64637 /* AboutTimePlus.app */ = {isa = PBXFileReference; explicitFileType = wrapper.application; includeInIndex = 0; path = AboutTimePlus.app; sourceTree = BUILT_PRODUCTS_DIR; };
		8672EB7313B4607400E64637 /* UIKit.framework */ = {isa = PBXFileReference; lastKnownFileType = wrapper.framework; name = UIKit.framework; path = System/Library/Frameworks/UIKit.framework; sourceTree = SDKROOT; };
		8672EB7513B4607400E64637 /* Foundation.framework */ = {isa = PBXFileReference; lastKnownFileType = wrapper.framework; name = Foundation.framework; path = System/Library/Frameworks/Foundation.framework; sourceTree = SDKROOT; };
		8672EB7713B4607400E64637 /* CoreGraphics.framework */ = {isa = PBXFileReference; lastKnownFileType = wrapper.framework; name = CoreGraphics.framework; path = System/Library/Frameworks/CoreGraphics.framework; sourceTree = SDKROOT; };
		8672EB7913B4607400E64637 /* CoreData.framework */ = {isa = PBXFileReference; lastKnownFileType = wrapper.framework; name = CoreData.framework; path = System/Library/Frameworks/CoreData.framework; sourceTree = SDKROOT; };
		8672EB7D13B4607400E64637 /* AboutTimePlus-Info.plist */ = {isa = PBXFileReference; lastKnownFileType = text.plist.xml; path = "AboutTimePlus-Info.plist"; sourceTree = "<group>"; };
		8672EB7F13B4607400E64637 /* en */ = {isa = PBXFileReference; lastKnownFileType = text.plist.strings; name = en; path = en.lproj/InfoPlist.strings; sourceTree = "<group>"; };
		8672EB8113B4607400E64637 /* AboutTimePlus-Prefix.pch */ = {isa = PBXFileReference; lastKnownFileType = sourcecode.c.h; path = "AboutTimePlus-Prefix.pch"; sourceTree = "<group>"; };
		8672EB8213B4607400E64637 /* main.m */ = {isa = PBXFileReference; lastKnownFileType = sourcecode.c.objc; path = main.m; sourceTree = "<group>"; };
		8672EB8413B4607400E64637 /* AboutTimePlusAppDelegate.h */ = {isa = PBXFileReference; lastKnownFileType = sourcecode.c.h; path = AboutTimePlusAppDelegate.h; sourceTree = "<group>"; };
		8672EB8513B4607400E64637 /* AboutTimePlusAppDelegate.m */ = {isa = PBXFileReference; lastKnownFileType = sourcecode.c.objc; path = AboutTimePlusAppDelegate.m; sourceTree = "<group>"; };
		8672EB8813B4607400E64637 /* AboutTimePlus.xcdatamodel */ = {isa = PBXFileReference; lastKnownFileType = wrapper.xcdatamodel; path = AboutTimePlus.xcdatamodel; sourceTree = "<group>"; };
		8672EB8B13B4607400E64637 /* AboutTimePlusAppDelegate_iPhone.h */ = {isa = PBXFileReference; lastKnownFileType = sourcecode.c.h; name = AboutTimePlusAppDelegate_iPhone.h; path = iPhone/AboutTimePlusAppDelegate_iPhone.h; sourceTree = "<group>"; };
		8672EB8C13B4607400E64637 /* AboutTimePlusAppDelegate_iPhone.m */ = {isa = PBXFileReference; lastKnownFileType = sourcecode.c.objc; name = AboutTimePlusAppDelegate_iPhone.m; path = iPhone/AboutTimePlusAppDelegate_iPhone.m; sourceTree = "<group>"; };
		8672EB8F13B4607400E64637 /* en */ = {isa = PBXFileReference; lastKnownFileType = file.xib; name = en; path = iPhone/en.lproj/MainWindow_iPhone.xib; sourceTree = "<group>"; };
		8672EB9213B4607400E64637 /* AboutTimePlusAppDelegate_iPad.h */ = {isa = PBXFileReference; lastKnownFileType = sourcecode.c.h; name = AboutTimePlusAppDelegate_iPad.h; path = iPad/AboutTimePlusAppDelegate_iPad.h; sourceTree = "<group>"; };
		8672EB9313B4607400E64637 /* AboutTimePlusAppDelegate_iPad.m */ = {isa = PBXFileReference; lastKnownFileType = sourcecode.c.objc; name = AboutTimePlusAppDelegate_iPad.m; path = iPad/AboutTimePlusAppDelegate_iPad.m; sourceTree = "<group>"; };
		8672EB9613B4607400E64637 /* en */ = {isa = PBXFileReference; lastKnownFileType = file.xib; name = en; path = iPad/en.lproj/MainWindow_iPad.xib; sourceTree = "<group>"; };
		8672EB9D13B460F600E64637 /* MainViewController.h */ = {isa = PBXFileReference; fileEncoding = 4; lastKnownFileType = sourcecode.c.h; name = MainViewController.h; path = ../MainViewController.h; sourceTree = "<group>"; };
		8672EB9E13B460F600E64637 /* MainViewController.m */ = {isa = PBXFileReference; fileEncoding = 4; lastKnownFileType = sourcecode.c.objc; name = MainViewController.m; path = ../MainViewController.m; sourceTree = "<group>"; };
		8672EB9F13B460F600E64637 /* MainViewController.xib */ = {isa = PBXFileReference; fileEncoding = 4; lastKnownFileType = file.xib; name = MainViewController.xib; path = ../MainViewController.xib; sourceTree = "<group>"; };
		E71F3E1513B7314300291279 /* Reachability.h */ = {isa = PBXFileReference; fileEncoding = 4; lastKnownFileType = sourcecode.c.h; path = Reachability.h; sourceTree = "<group>"; };
		E71F3E1613B7314300291279 /* Reachability.m */ = {isa = PBXFileReference; fileEncoding = 4; lastKnownFileType = sourcecode.c.objc; path = Reachability.m; sourceTree = "<group>"; };
		E71F3E1713B7314300291279 /* networking.h */ = {isa = PBXFileReference; fileEncoding = 4; lastKnownFileType = sourcecode.c.h; path = networking.h; sourceTree = "<group>"; };
		E71F3E1813B7314300291279 /* networking.m */ = {isa = PBXFileReference; fileEncoding = 4; lastKnownFileType = sourcecode.c.objc; path = networking.m; sourceTree = "<group>"; };
		E71F3E1913B7314300291279 /* NSStreamAdditions.h */ = {isa = PBXFileReference; fileEncoding = 4; lastKnownFileType = sourcecode.c.h; path = NSStreamAdditions.h; sourceTree = "<group>"; };
		E71F3E1A13B7314300291279 /* NSStreamAdditions.m */ = {isa = PBXFileReference; fileEncoding = 4; lastKnownFileType = sourcecode.c.objc; path = NSStreamAdditions.m; sourceTree = "<group>"; };
		E71F3E1B13B7314300291279 /* SyncCenter.h */ = {isa = PBXFileReference; fileEncoding = 4; lastKnownFileType = sourcecode.c.h; path = SyncCenter.h; sourceTree = "<group>"; };
		E71F3E1C13B7314300291279 /* SyncCenter.m */ = {isa = PBXFileReference; fileEncoding = 4; lastKnownFileType = sourcecode.c.objc; path = SyncCenter.m; sourceTree = "<group>"; };
		E71F3E1D13B7314300291279 /* MyCLController.h */ = {isa = PBXFileReference; fileEncoding = 4; lastKnownFileType = sourcecode.c.h; path = MyCLController.h; sourceTree = "<group>"; };
		E71F3E1E13B7314300291279 /* MyCLController.m */ = {isa = PBXFileReference; fileEncoding = 4; lastKnownFileType = sourcecode.c.objc; path = MyCLController.m; sourceTree = "<group>"; };
		E71F3E2413B7315800291279 /* STDeviceDetection.h */ = {isa = PBXFileReference; fileEncoding = 4; lastKnownFileType = sourcecode.c.h; path = STDeviceDetection.h; sourceTree = "<group>"; };
		E71F3E2513B7315800291279 /* STDeviceDetection.m */ = {isa = PBXFileReference; fileEncoding = 4; lastKnownFileType = sourcecode.c.objc; path = STDeviceDetection.m; sourceTree = "<group>"; };
		E71F3E2613B7315800291279 /* UIImage+Alpha.m */ = {isa = PBXFileReference; fileEncoding = 4; lastKnownFileType = sourcecode.c.objc; path = "UIImage+Alpha.m"; sourceTree = "<group>"; };
		E71F3E2713B7315800291279 /* UIImage+RoundedCorner.m */ = {isa = PBXFileReference; fileEncoding = 4; lastKnownFileType = sourcecode.c.objc; path = "UIImage+RoundedCorner.m"; sourceTree = "<group>"; };
		E71F3E2813B7315800291279 /* UIImage+RoundedCorner.h */ = {isa = PBXFileReference; fileEncoding = 4; lastKnownFileType = sourcecode.c.h; path = "UIImage+RoundedCorner.h"; sourceTree = "<group>"; };
		E71F3E2913B7315800291279 /* UIImage+Alpha.h */ = {isa = PBXFileReference; fileEncoding = 4; lastKnownFileType = sourcecode.c.h; path = "UIImage+Alpha.h"; sourceTree = "<group>"; };
		E71F3E2A13B7315800291279 /* UIImage+Resize.h */ = {isa = PBXFileReference; fileEncoding = 4; lastKnownFileType = sourcecode.c.h; path = "UIImage+Resize.h"; sourceTree = "<group>"; };
		E71F3E2B13B7315800291279 /* UIImage+Resize.m */ = {isa = PBXFileReference; fileEncoding = 4; lastKnownFileType = sourcecode.c.objc; path = "UIImage+Resize.m"; sourceTree = "<group>"; };
		E71F3E2C13B7315800291279 /* CommandHeader.h */ = {isa = PBXFileReference; fileEncoding = 4; lastKnownFileType = sourcecode.c.h; path = CommandHeader.h; sourceTree = "<group>"; };
		E71F3E2D13B7315800291279 /* CommandHeader.m */ = {isa = PBXFileReference; fileEncoding = 4; lastKnownFileType = sourcecode.c.objc; path = CommandHeader.m; sourceTree = "<group>"; };
		E71F3E2E13B7315800291279 /* AppSettings.h */ = {isa = PBXFileReference; fileEncoding = 4; lastKnownFileType = sourcecode.c.h; path = AppSettings.h; sourceTree = "<group>"; };
		E71F3E2F13B7315800291279 /* AppSettings.m */ = {isa = PBXFileReference; fileEncoding = 4; lastKnownFileType = sourcecode.c.objc; path = AppSettings.m; sourceTree = "<group>"; };
		E71F3E3013B7315800291279 /* EmployeeManager.h */ = {isa = PBXFileReference; fileEncoding = 4; lastKnownFileType = sourcecode.c.h; path = EmployeeManager.h; sourceTree = "<group>"; };
		E71F3E3113B7315800291279 /* EmployeeManager.m */ = {isa = PBXFileReference; fileEncoding = 4; lastKnownFileType = sourcecode.c.objc; path = EmployeeManager.m; sourceTree = "<group>"; };
		E71F3E3213B7315800291279 /* ClockState.h */ = {isa = PBXFileReference; fileEncoding = 4; lastKnownFileType = sourcecode.c.h; path = ClockState.h; sourceTree = "<group>"; };
		E71F3E3313B7315800291279 /* ClockState.m */ = {isa = PBXFileReference; fileEncoding = 4; lastKnownFileType = sourcecode.c.objc; path = ClockState.m; sourceTree = "<group>"; };
		E71F3E3413B7315800291279 /* CustomerManager.h */ = {isa = PBXFileReference; fileEncoding = 4; lastKnownFileType = sourcecode.c.h; path = CustomerManager.h; sourceTree = "<group>"; };
		E71F3E3513B7315800291279 /* CustomerManager.m */ = {isa = PBXFileReference; fileEncoding = 4; lastKnownFileType = sourcecode.c.objc; path = CustomerManager.m; sourceTree = "<group>"; };
		E71F3E3613B7315800291279 /* UIImageAdditions.h */ = {isa = PBXFileReference; fileEncoding = 4; lastKnownFileType = sourcecode.c.h; path = UIImageAdditions.h; sourceTree = "<group>"; };
		E71F3E3713B7315800291279 /* UIImageAdditions.m */ = {isa = PBXFileReference; fileEncoding = 4; lastKnownFileType = sourcecode.c.objc; path = UIImageAdditions.m; sourceTree = "<group>"; };
		E71F3E4213B7319D00291279 /* CoreLocation.framework */ = {isa = PBXFileReference; lastKnownFileType = wrapper.framework; name = CoreLocation.framework; path = System/Library/Frameworks/CoreLocation.framework; sourceTree = SDKROOT; };
		E71F3E4413B731B900291279 /* CFNetwork.framework */ = {isa = PBXFileReference; lastKnownFileType = wrapper.framework; name = CFNetwork.framework; path = System/Library/Frameworks/CFNetwork.framework; sourceTree = SDKROOT; };
		E71F3E4713B7325800291279 /* TimeRecordManager.h */ = {isa = PBXFileReference; fileEncoding = 4; lastKnownFileType = sourcecode.c.h; path = TimeRecordManager.h; sourceTree = "<group>"; };
		E71F3E4813B7325800291279 /* TimeRecordManager.m */ = {isa = PBXFileReference; fileEncoding = 4; lastKnownFileType = sourcecode.c.objc; path = TimeRecordManager.m; sourceTree = "<group>"; };
		E71F3E4A13B732B400291279 /* SystemConfiguration.framework */ = {isa = PBXFileReference; lastKnownFileType = wrapper.framework; name = SystemConfiguration.framework; path = System/Library/Frameworks/SystemConfiguration.framework; sourceTree = SDKROOT; };
		E7372DE613B727D300CC7D96 /* MainViewControllerIPAD.xib */ = {isa = PBXFileReference; fileEncoding = 4; lastKnownFileType = file.xib; path = MainViewControllerIPAD.xib; sourceTree = "<group>"; };
		E7372DEF13B729F600CC7D96 /* Defines.h */ = {isa = PBXFileReference; fileEncoding = 4; lastKnownFileType = sourcecode.c.h; path = Defines.h; sourceTree = "<group>"; };
		E7372DFE13B72DF900CC7D96 /* iFieldClock.xcdatamodel */ = {isa = PBXFileReference; lastKnownFileType = wrapper.xcdatamodel; path = iFieldClock.xcdatamodel; sourceTree = "<group>"; };
		E7372E0013B72FC800CC7D96 /* FieldNoteBackup.h */ = {isa = PBXFileReference; fileEncoding = 4; lastKnownFileType = sourcecode.c.h; path = FieldNoteBackup.h; sourceTree = "<group>"; };
		E7372E0113B72FC800CC7D96 /* FieldNoteBackup.m */ = {isa = PBXFileReference; fileEncoding = 4; lastKnownFileType = sourcecode.c.objc; path = FieldNoteBackup.m; sourceTree = "<group>"; };
		E7372E0313B72FC900CC7D96 /* EquipmentUse.h */ = {isa = PBXFileReference; fileEncoding = 4; lastKnownFileType = sourcecode.c.h; path = EquipmentUse.h; sourceTree = "<group>"; };
		E7372E0413B72FC900CC7D96 /* EquipmentUse.m */ = {isa = PBXFileReference; fileEncoding = 4; lastKnownFileType = sourcecode.c.objc; path = EquipmentUse.m; sourceTree = "<group>"; };
		E7372E0613B72FC900CC7D96 /* MealExpenseBackup.h */ = {isa = PBXFileReference; fileEncoding = 4; lastKnownFileType = sourcecode.c.h; path = MealExpenseBackup.h; sourceTree = "<group>"; };
		E7372E0713B72FC900CC7D96 /* MealExpenseBackup.m */ = {isa = PBXFileReference; fileEncoding = 4; lastKnownFileType = sourcecode.c.objc; path = MealExpenseBackup.m; sourceTree = "<group>"; };
		E7372E0913B72FC900CC7D96 /* CostCode.h */ = {isa = PBXFileReference; fileEncoding = 4; lastKnownFileType = sourcecode.c.h; path = CostCode.h; sourceTree = "<group>"; };
		E7372E0A13B72FC900CC7D96 /* CostCode.m */ = {isa = PBXFileReference; fileEncoding = 4; lastKnownFileType = sourcecode.c.objc; path = CostCode.m; sourceTree = "<group>"; };
		E7372E0C13B72FC900CC7D96 /* EmployeeCostCode.h */ = {isa = PBXFileReference; fileEncoding = 4; lastKnownFileType = sourcecode.c.h; path = EmployeeCostCode.h; sourceTree = "<group>"; };
		E7372E0D13B72FCA00CC7D96 /* EmployeeCostCode.m */ = {isa = PBXFileReference; fileEncoding = 4; lastKnownFileType = sourcecode.c.objc; path = EmployeeCostCode.m; sourceTree = "<group>"; };
		E7372E0F13B72FCA00CC7D96 /* FeedbackQuestion.h */ = {isa = PBXFileReference; fileEncoding = 4; lastKnownFileType = sourcecode.c.h; path = FeedbackQuestion.h; sourceTree = "<group>"; };
		E7372E1013B72FCA00CC7D96 /* FeedbackQuestion.m */ = {isa = PBXFileReference; fileEncoding = 4; lastKnownFileType = sourcecode.c.objc; path = FeedbackQuestion.m; sourceTree = "<group>"; };
		E7372E1213B72FCA00CC7D96 /* JobPhoto.h */ = {isa = PBXFileReference; fileEncoding = 4; lastKnownFileType = sourcecode.c.h; path = JobPhoto.h; sourceTree = "<group>"; };
		E7372E1313B72FCA00CC7D96 /* JobPhoto.m */ = {isa = PBXFileReference; fileEncoding = 4; lastKnownFileType = sourcecode.c.objc; path = JobPhoto.m; sourceTree = "<group>"; };
		E7372E1513B72FCA00CC7D96 /* Customer.h */ = {isa = PBXFileReference; fileEncoding = 4; lastKnownFileType = sourcecode.c.h; path = Customer.h; sourceTree = "<group>"; };
		E7372E1613B72FCA00CC7D96 /* Customer.m */ = {isa = PBXFileReference; fileEncoding = 4; lastKnownFileType = sourcecode.c.objc; path = Customer.m; sourceTree = "<group>"; };
		E7372E1813B72FCA00CC7D96 /* SystemData.h */ = {isa = PBXFileReference; fileEncoding = 4; lastKnownFileType = sourcecode.c.h; path = SystemData.h; sourceTree = "<group>"; };
		E7372E1913B72FCA00CC7D96 /* SystemData.m */ = {isa = PBXFileReference; fileEncoding = 4; lastKnownFileType = sourcecode.c.objc; path = SystemData.m; sourceTree = "<group>"; };
		E7372E1B13B72FCB00CC7D96 /* FieldNote.h */ = {isa = PBXFileReference; fileEncoding = 4; lastKnownFileType = sourcecode.c.h; path = FieldNote.h; sourceTree = "<group>"; };
		E7372E1C13B72FCB00CC7D96 /* FieldNote.m */ = {isa = PBXFileReference; fileEncoding = 4; lastKnownFileType = sourcecode.c.objc; path = FieldNote.m; sourceTree = "<group>"; };
		E7372E1E13B72FCB00CC7D96 /* CustomerEmployee.h */ = {isa = PBXFileReference; fileEncoding = 4; lastKnownFileType = sourcecode.c.h; path = CustomerEmployee.h; sourceTree = "<group>"; };
		E7372E1F13B72FCB00CC7D96 /* CustomerEmployee.m */ = {isa = PBXFileReference; fileEncoding = 4; lastKnownFileType = sourcecode.c.objc; path = CustomerEmployee.m; sourceTree = "<group>"; };
		E7372E2113B72FCB00CC7D96 /* Clock.h */ = {isa = PBXFileReference; fileEncoding = 4; lastKnownFileType = sourcecode.c.h; path = Clock.h; sourceTree = "<group>"; };
		E7372E2213B72FCB00CC7D96 /* Clock.m */ = {isa = PBXFileReference; fileEncoding = 4; lastKnownFileType = sourcecode.c.objc; path = Clock.m; sourceTree = "<group>"; };
		E7372E2413B72FCB00CC7D96 /* CustomerCostCode.h */ = {isa = PBXFileReference; fileEncoding = 4; lastKnownFileType = sourcecode.c.h; path = CustomerCostCode.h; sourceTree = "<group>"; };
		E7372E2513B72FCB00CC7D96 /* CustomerCostCode.m */ = {isa = PBXFileReference; fileEncoding = 4; lastKnownFileType = sourcecode.c.objc; path = CustomerCostCode.m; sourceTree = "<group>"; };
		E7372E2713B72FCB00CC7D96 /* FeedbackAnswer.h */ = {isa = PBXFileReference; fileEncoding = 4; lastKnownFileType = sourcecode.c.h; path = FeedbackAnswer.h; sourceTree = "<group>"; };
		E7372E2813B72FCB00CC7D96 /* FeedbackAnswer.m */ = {isa = PBXFileReference; fileEncoding = 4; lastKnownFileType = sourcecode.c.objc; path = FeedbackAnswer.m; sourceTree = "<group>"; };
		E7372E2A13B72FCB00CC7D96 /* TimeRecording.h */ = {isa = PBXFileReference; fileEncoding = 4; lastKnownFileType = sourcecode.c.h; path = TimeRecording.h; sourceTree = "<group>"; };
		E7372E2B13B72FCC00CC7D96 /* TimeRecording.m */ = {isa = PBXFileReference; fileEncoding = 4; lastKnownFileType = sourcecode.c.objc; path = TimeRecording.m; sourceTree = "<group>"; };
		E7372E2D13B72FCC00CC7D96 /* TimeRecordingBackup.h */ = {isa = PBXFileReference; fileEncoding = 4; lastKnownFileType = sourcecode.c.h; path = TimeRecordingBackup.h; sourceTree = "<group>"; };
		E7372E2E13B72FCC00CC7D96 /* TimeRecordingBackup.m */ = {isa = PBXFileReference; fileEncoding = 4; lastKnownFileType = sourcecode.c.objc; path = TimeRecordingBackup.m; sourceTree = "<group>"; };
		E7372E3013B72FCC00CC7D96 /* CustomList.h */ = {isa = PBXFileReference; fileEncoding = 4; lastKnownFileType = sourcecode.c.h; path = CustomList.h; sourceTree = "<group>"; };
		E7372E3113B72FCC00CC7D96 /* CustomList.m */ = {isa = PBXFileReference; fileEncoding = 4; lastKnownFileType = sourcecode.c.objc; path = CustomList.m; sourceTree = "<group>"; };
		E7372E3313B72FCC00CC7D96 /* FeedbackAnswerBackup.h */ = {isa = PBXFileReference; fileEncoding = 4; lastKnownFileType = sourcecode.c.h; path = FeedbackAnswerBackup.h; sourceTree = "<group>"; };
		E7372E3413B72FCC00CC7D96 /* FeedbackAnswerBackup.m */ = {isa = PBXFileReference; fileEncoding = 4; lastKnownFileType = sourcecode.c.objc; path = FeedbackAnswerBackup.m; sourceTree = "<group>"; };
		E7372E3613B72FCC00CC7D96 /* Equipment.h */ = {isa = PBXFileReference; fileEncoding = 4; lastKnownFileType = sourcecode.c.h; path = Equipment.h; sourceTree = "<group>"; };
		E7372E3713B72FCC00CC7D96 /* Equipment.m */ = {isa = PBXFileReference; fileEncoding = 4; lastKnownFileType = sourcecode.c.objc; path = Equipment.m; sourceTree = "<group>"; };
		E7372E3913B72FCC00CC7D96 /* MealExpense.h */ = {isa = PBXFileReference; fileEncoding = 4; lastKnownFileType = sourcecode.c.h; path = MealExpense.h; sourceTree = "<group>"; };
		E7372E3A13B72FCD00CC7D96 /* MealExpense.m */ = {isa = PBXFileReference; fileEncoding = 4; lastKnownFileType = sourcecode.c.objc; path = MealExpense.m; sourceTree = "<group>"; };
		E7372E3C13B72FCD00CC7D96 /* Company.h */ = {isa = PBXFileReference; fileEncoding = 4; lastKnownFileType = sourcecode.c.h; path = Company.h; sourceTree = "<group>"; };
		E7372E3D13B72FCD00CC7D96 /* Company.m */ = {isa = PBXFileReference; fileEncoding = 4; lastKnownFileType = sourcecode.c.objc; path = Company.m; sourceTree = "<group>"; };
		E7372E3F13B72FCD00CC7D96 /* Employee.h */ = {isa = PBXFileReference; fileEncoding = 4; lastKnownFileType = sourcecode.c.h; path = Employee.h; sourceTree = "<group>"; };
		E7372E4013B72FCD00CC7D96 /* Employee.m */ = {isa = PBXFileReference; fileEncoding = 4; lastKnownFileType = sourcecode.c.objc; path = Employee.m; sourceTree = "<group>"; };
/* End PBXFileReference section */

/* Begin PBXFrameworksBuildPhase section */
		8672EB6C13B4607400E64637 /* Frameworks */ = {
			isa = PBXFrameworksBuildPhase;
			buildActionMask = 2147483647;
			files = (
				E71F3E4B13B732B400291279 /* SystemConfiguration.framework in Frameworks */,
				E71F3E4513B731B900291279 /* CFNetwork.framework in Frameworks */,
				E71F3E4313B7319D00291279 /* CoreLocation.framework in Frameworks */,
				8672EB7413B4607400E64637 /* UIKit.framework in Frameworks */,
				8672EB7613B4607400E64637 /* Foundation.framework in Frameworks */,
				8672EB7813B4607400E64637 /* CoreGraphics.framework in Frameworks */,
				8672EB7A13B4607400E64637 /* CoreData.framework in Frameworks */,
			);
			runOnlyForDeploymentPostprocessing = 0;
		};
/* End PBXFrameworksBuildPhase section */

/* Begin PBXGroup section */
		8672EB6413B4607400E64637 = {
			isa = PBXGroup;
			children = (
				E71F3E4A13B732B400291279 /* SystemConfiguration.framework */,
				E71F3E4413B731B900291279 /* CFNetwork.framework */,
				E71F3E4213B7319D00291279 /* CoreLocation.framework */,
				8672EB7B13B4607400E64637 /* AboutTimePlus */,
				8672EB7213B4607400E64637 /* Frameworks */,
				8672EB7013B4607400E64637 /* Products */,
			);
			sourceTree = "<group>";
		};
		8672EB7013B4607400E64637 /* Products */ = {
			isa = PBXGroup;
			children = (
				8672EB6F13B4607400E64637 /* AboutTimePlus.app */,
			);
			name = Products;
			sourceTree = "<group>";
		};
		8672EB7213B4607400E64637 /* Frameworks */ = {
			isa = PBXGroup;
			children = (
				8672EB7313B4607400E64637 /* UIKit.framework */,
				8672EB7513B4607400E64637 /* Foundation.framework */,
				8672EB7713B4607400E64637 /* CoreGraphics.framework */,
				8672EB7913B4607400E64637 /* CoreData.framework */,
			);
			name = Frameworks;
			sourceTree = "<group>";
		};
		8672EB7B13B4607400E64637 /* AboutTimePlus */ = {
			isa = PBXGroup;
			children = (
				E71F3E4613B7324600291279 /* TimeRecords */,
				E71F3E0613B7311400291279 /* IO */,
				E7372DE813B729C200CC7D96 /* Helpers */,
				86AF4B9413B462B400B86EBF /* MainScreen */,
				8672EB8413B4607400E64637 /* AboutTimePlusAppDelegate.h */,
				8672EB8513B4607400E64637 /* AboutTimePlusAppDelegate.m */,
				E7C1E64613B7307B00ECCE9E /* DataModel */,
				8672EB8A13B4607400E64637 /* iPhone */,
				8672EB9113B4607400E64637 /* iPad */,
				8672EB7C13B4607400E64637 /* Supporting Files */,
			);
			path = AboutTimePlus;
			sourceTree = "<group>";
		};
		8672EB7C13B4607400E64637 /* Supporting Files */ = {
			isa = PBXGroup;
			children = (
				8672EB7D13B4607400E64637 /* AboutTimePlus-Info.plist */,
				8672EB7E13B4607400E64637 /* InfoPlist.strings */,
				8672EB8113B4607400E64637 /* AboutTimePlus-Prefix.pch */,
				8672EB8213B4607400E64637 /* main.m */,
			);
			name = "Supporting Files";
			sourceTree = "<group>";
		};
		8672EB8A13B4607400E64637 /* iPhone */ = {
			isa = PBXGroup;
			children = (
				8672EB8B13B4607400E64637 /* AboutTimePlusAppDelegate_iPhone.h */,
				8672EB8C13B4607400E64637 /* AboutTimePlusAppDelegate_iPhone.m */,
				8672EB8E13B4607400E64637 /* MainWindow_iPhone.xib */,
			);
			name = iPhone;
			sourceTree = "<group>";
		};
		8672EB9113B4607400E64637 /* iPad */ = {
			isa = PBXGroup;
			children = (
				8672EB9213B4607400E64637 /* AboutTimePlusAppDelegate_iPad.h */,
				8672EB9313B4607400E64637 /* AboutTimePlusAppDelegate_iPad.m */,
				8672EB9513B4607400E64637 /* MainWindow_iPad.xib */,
			);
			name = iPad;
			sourceTree = "<group>";
		};
		86AF4B9413B462B400B86EBF /* MainScreen */ = {
			isa = PBXGroup;
			children = (
				8672EB9D13B460F600E64637 /* MainViewController.h */,
				8672EB9E13B460F600E64637 /* MainViewController.m */,
				8672EB9F13B460F600E64637 /* MainViewController.xib */,
				E7372DE613B727D300CC7D96 /* MainViewControllerIPAD.xib */,
			);
			name = MainScreen;
			sourceTree = "<group>";
		};
		E71F3E0613B7311400291279 /* IO */ = {
			isa = PBXGroup;
			children = (
				E71F3E1513B7314300291279 /* Reachability.h */,
				E71F3E1613B7314300291279 /* Reachability.m */,
				E71F3E1713B7314300291279 /* networking.h */,
				E71F3E1813B7314300291279 /* networking.m */,
				E71F3E1913B7314300291279 /* NSStreamAdditions.h */,
				E71F3E1A13B7314300291279 /* NSStreamAdditions.m */,
				E71F3E1B13B7314300291279 /* SyncCenter.h */,
				E71F3E1C13B7314300291279 /* SyncCenter.m */,
				E71F3E1D13B7314300291279 /* MyCLController.h */,
				E71F3E1E13B7314300291279 /* MyCLController.m */,
			);
			name = IO;
			sourceTree = "<group>";
		};
		E71F3E4613B7324600291279 /* TimeRecords */ = {
			isa = PBXGroup;
			children = (
				E71F3E4713B7325800291279 /* TimeRecordManager.h */,
				E71F3E4813B7325800291279 /* TimeRecordManager.m */,
			);
			name = TimeRecords;
			sourceTree = "<group>";
		};
		E7372DE813B729C200CC7D96 /* Helpers */ = {
			isa = PBXGroup;
			children = (
				E71F3E2413B7315800291279 /* STDeviceDetection.h */,
				E71F3E2513B7315800291279 /* STDeviceDetection.m */,
				E71F3E2613B7315800291279 /* UIImage+Alpha.m */,
				E71F3E2713B7315800291279 /* UIImage+RoundedCorner.m */,
				E71F3E2813B7315800291279 /* UIImage+RoundedCorner.h */,
				E71F3E2913B7315800291279 /* UIImage+Alpha.h */,
				E71F3E2A13B7315800291279 /* UIImage+Resize.h */,
				E71F3E2B13B7315800291279 /* UIImage+Resize.m */,
				E71F3E2C13B7315800291279 /* CommandHeader.h */,
				E71F3E2D13B7315800291279 /* CommandHeader.m */,
				E71F3E2E13B7315800291279 /* AppSettings.h */,
				E71F3E2F13B7315800291279 /* AppSettings.m */,
				E71F3E3013B7315800291279 /* EmployeeManager.h */,
				E71F3E3113B7315800291279 /* EmployeeManager.m */,
				E71F3E3213B7315800291279 /* ClockState.h */,
				E71F3E3313B7315800291279 /* ClockState.m */,
				E71F3E3413B7315800291279 /* CustomerManager.h */,
				E71F3E3513B7315800291279 /* CustomerManager.m */,
				E71F3E3613B7315800291279 /* UIImageAdditions.h */,
				E71F3E3713B7315800291279 /* UIImageAdditions.m */,
				E7372DEF13B729F600CC7D96 /* Defines.h */,
			);
			name = Helpers;
			sourceTree = "<group>";
		};
		E7C1E64613B7307B00ECCE9E /* DataModel */ = {
			isa = PBXGroup;
			children = (
				8672EB8713B4607400E64637 /* AboutTimePlus.xcdatamodeld */,
				E7372E3F13B72FCD00CC7D96 /* Employee.h */,
				E7372E4013B72FCD00CC7D96 /* Employee.m */,
				E7372E3C13B72FCD00CC7D96 /* Company.h */,
				E7372E3D13B72FCD00CC7D96 /* Company.m */,
				E7372E3913B72FCC00CC7D96 /* MealExpense.h */,
				E7372E3A13B72FCD00CC7D96 /* MealExpense.m */,
				E7372E3613B72FCC00CC7D96 /* Equipment.h */,
				E7372E3713B72FCC00CC7D96 /* Equipment.m */,
				E7372E3313B72FCC00CC7D96 /* FeedbackAnswerBackup.h */,
				E7372E3413B72FCC00CC7D96 /* FeedbackAnswerBackup.m */,
				E7372E3013B72FCC00CC7D96 /* CustomList.h */,
				E7372E3113B72FCC00CC7D96 /* CustomList.m */,
				E7372E2D13B72FCC00CC7D96 /* TimeRecordingBackup.h */,
				E7372E2E13B72FCC00CC7D96 /* TimeRecordingBackup.m */,
				E7372E2A13B72FCB00CC7D96 /* TimeRecording.h */,
				E7372E2B13B72FCC00CC7D96 /* TimeRecording.m */,
				E7372E2713B72FCB00CC7D96 /* FeedbackAnswer.h */,
				E7372E2813B72FCB00CC7D96 /* FeedbackAnswer.m */,
				E7372E2413B72FCB00CC7D96 /* CustomerCostCode.h */,
				E7372E2513B72FCB00CC7D96 /* CustomerCostCode.m */,
				E7372E2113B72FCB00CC7D96 /* Clock.h */,
				E7372E2213B72FCB00CC7D96 /* Clock.m */,
				E7372E1E13B72FCB00CC7D96 /* CustomerEmployee.h */,
				E7372E1F13B72FCB00CC7D96 /* CustomerEmployee.m */,
				E7372E1B13B72FCB00CC7D96 /* FieldNote.h */,
				E7372E1C13B72FCB00CC7D96 /* FieldNote.m */,
				E7372E1813B72FCA00CC7D96 /* SystemData.h */,
				E7372E1913B72FCA00CC7D96 /* SystemData.m */,
				E7372E1513B72FCA00CC7D96 /* Customer.h */,
				E7372E1613B72FCA00CC7D96 /* Customer.m */,
				E7372E1213B72FCA00CC7D96 /* JobPhoto.h */,
				E7372E1313B72FCA00CC7D96 /* JobPhoto.m */,
				E7372E0F13B72FCA00CC7D96 /* FeedbackQuestion.h */,
				E7372E1013B72FCA00CC7D96 /* FeedbackQuestion.m */,
				E7372E0C13B72FC900CC7D96 /* EmployeeCostCode.h */,
				E7372E0D13B72FCA00CC7D96 /* EmployeeCostCode.m */,
				E7372E0913B72FC900CC7D96 /* CostCode.h */,
				E7372E0A13B72FC900CC7D96 /* CostCode.m */,
				E7372E0613B72FC900CC7D96 /* MealExpenseBackup.h */,
				E7372E0713B72FC900CC7D96 /* MealExpenseBackup.m */,
				E7372E0313B72FC900CC7D96 /* EquipmentUse.h */,
				E7372E0413B72FC900CC7D96 /* EquipmentUse.m */,
				E7372E0013B72FC800CC7D96 /* FieldNoteBackup.h */,
				E7372E0113B72FC800CC7D96 /* FieldNoteBackup.m */,
				E7372DFE13B72DF900CC7D96 /* iFieldClock.xcdatamodel */,
			);
			name = DataModel;
			sourceTree = "<group>";
		};
/* End PBXGroup section */

/* Begin PBXNativeTarget section */
		8672EB6E13B4607400E64637 /* AboutTimePlus */ = {
			isa = PBXNativeTarget;
			buildConfigurationList = 8672EB9A13B4607400E64637 /* Build configuration list for PBXNativeTarget "AboutTimePlus" */;
			buildPhases = (
				8672EB6B13B4607400E64637 /* Sources */,
				8672EB6C13B4607400E64637 /* Frameworks */,
				8672EB6D13B4607400E64637 /* Resources */,
			);
			buildRules = (
			);
			dependencies = (
			);
			name = AboutTimePlus;
			productName = AboutTimePlus;
			productReference = 8672EB6F13B4607400E64637 /* AboutTimePlus.app */;
			productType = "com.apple.product-type.application";
		};
/* End PBXNativeTarget section */

/* Begin PBXProject section */
		8672EB6613B4607400E64637 /* Project object */ = {
			isa = PBXProject;
			buildConfigurationList = 8672EB6913B4607400E64637 /* Build configuration list for PBXProject "AboutTimePlus" */;
			compatibilityVersion = "Xcode 3.2";
			developmentRegion = English;
			hasScannedForEncodings = 0;
			knownRegions = (
				en,
			);
			mainGroup = 8672EB6413B4607400E64637;
			productRefGroup = 8672EB7013B4607400E64637 /* Products */;
			projectDirPath = "";
			projectRoot = "";
			targets = (
				8672EB6E13B4607400E64637 /* AboutTimePlus */,
			);
		};
/* End PBXProject section */

/* Begin PBXResourcesBuildPhase section */
		8672EB6D13B4607400E64637 /* Resources */ = {
			isa = PBXResourcesBuildPhase;
			buildActionMask = 2147483647;
			files = (
				8672EB8013B4607400E64637 /* InfoPlist.strings in Resources */,
				8672EB9013B4607400E64637 /* MainWindow_iPhone.xib in Resources */,
				8672EB9713B4607400E64637 /* MainWindow_iPad.xib in Resources */,
				8672EBA113B460F600E64637 /* MainViewController.xib in Resources */,
				E7372DE713B727D300CC7D96 /* MainViewControllerIPAD.xib in Resources */,
			);
			runOnlyForDeploymentPostprocessing = 0;
		};
/* End PBXResourcesBuildPhase section */

/* Begin PBXSourcesBuildPhase section */
		8672EB6B13B4607400E64637 /* Sources */ = {
			isa = PBXSourcesBuildPhase;
			buildActionMask = 2147483647;
			files = (
				8672EB8313B4607400E64637 /* main.m in Sources */,
				8672EB8613B4607400E64637 /* AboutTimePlusAppDelegate.m in Sources */,
				8672EB8913B4607400E64637 /* AboutTimePlus.xcdatamodeld in Sources */,
				8672EB8D13B4607400E64637 /* AboutTimePlusAppDelegate_iPhone.m in Sources */,
				8672EB9413B4607400E64637 /* AboutTimePlusAppDelegate_iPad.m in Sources */,
				8672EBA013B460F600E64637 /* MainViewController.m in Sources */,
				E7372DFF13B72DF900CC7D96 /* iFieldClock.xcdatamodel in Sources */,
				E7372E0213B72FC900CC7D96 /* FieldNoteBackup.m in Sources */,
				E7372E0513B72FC900CC7D96 /* EquipmentUse.m in Sources */,
				E7372E0813B72FC900CC7D96 /* MealExpenseBackup.m in Sources */,
				E7372E0B13B72FC900CC7D96 /* CostCode.m in Sources */,
				E7372E0E13B72FCA00CC7D96 /* EmployeeCostCode.m in Sources */,
				E7372E1113B72FCA00CC7D96 /* FeedbackQuestion.m in Sources */,
				E7372E1413B72FCA00CC7D96 /* JobPhoto.m in Sources */,
				E7372E1713B72FCA00CC7D96 /* Customer.m in Sources */,
				E7372E1A13B72FCB00CC7D96 /* SystemData.m in Sources */,
				E7372E1D13B72FCB00CC7D96 /* FieldNote.m in Sources */,
				E7372E2013B72FCB00CC7D96 /* CustomerEmployee.m in Sources */,
				E7372E2313B72FCB00CC7D96 /* Clock.m in Sources */,
				E7372E2613B72FCB00CC7D96 /* CustomerCostCode.m in Sources */,
				E7372E2913B72FCB00CC7D96 /* FeedbackAnswer.m in Sources */,
				E7372E2C13B72FCC00CC7D96 /* TimeRecording.m in Sources */,
				E7372E2F13B72FCC00CC7D96 /* TimeRecordingBackup.m in Sources */,
				E7372E3213B72FCC00CC7D96 /* CustomList.m in Sources */,
				E7372E3513B72FCC00CC7D96 /* FeedbackAnswerBackup.m in Sources */,
				E7372E3813B72FCC00CC7D96 /* Equipment.m in Sources */,
				E7372E3B13B72FCD00CC7D96 /* MealExpense.m in Sources */,
				E7372E3E13B72FCD00CC7D96 /* Company.m in Sources */,
				E7372E4113B72FCD00CC7D96 /* Employee.m in Sources */,
				E71F3E1F13B7314300291279 /* Reachability.m in Sources */,
				E71F3E2013B7314300291279 /* networking.m in Sources */,
				E71F3E2113B7314300291279 /* NSStreamAdditions.m in Sources */,
				E71F3E2213B7314300291279 /* SyncCenter.m in Sources */,
				E71F3E2313B7314300291279 /* MyCLController.m in Sources */,
				E71F3E3813B7315800291279 /* STDeviceDetection.m in Sources */,
				E71F3E3913B7315800291279 /* UIImage+Alpha.m in Sources */,
				E71F3E3A13B7315800291279 /* UIImage+RoundedCorner.m in Sources */,
				E71F3E3B13B7315800291279 /* UIImage+Resize.m in Sources */,
				E71F3E3C13B7315800291279 /* CommandHeader.m in Sources */,
				E71F3E3D13B7315800291279 /* AppSettings.m in Sources */,
				E71F3E3E13B7315800291279 /* EmployeeManager.m in Sources */,
				E71F3E3F13B7315800291279 /* ClockState.m in Sources */,
				E71F3E4013B7315800291279 /* CustomerManager.m in Sources */,
				E71F3E4113B7315800291279 /* UIImageAdditions.m in Sources */,
				E71F3E4913B7325800291279 /* TimeRecordManager.m in Sources */,
			);
			runOnlyForDeploymentPostprocessing = 0;
		};
/* End PBXSourcesBuildPhase section */

/* Begin PBXVariantGroup section */
		8672EB7E13B4607400E64637 /* InfoPlist.strings */ = {
			isa = PBXVariantGroup;
			children = (
				8672EB7F13B4607400E64637 /* en */,
			);
			name = InfoPlist.strings;
			sourceTree = "<group>";
		};
		8672EB8E13B4607400E64637 /* MainWindow_iPhone.xib */ = {
			isa = PBXVariantGroup;
			children = (
				8672EB8F13B4607400E64637 /* en */,
			);
			name = MainWindow_iPhone.xib;
			sourceTree = "<group>";
		};
		8672EB9513B4607400E64637 /* MainWindow_iPad.xib */ = {
			isa = PBXVariantGroup;
			children = (
				8672EB9613B4607400E64637 /* en */,
			);
			name = MainWindow_iPad.xib;
			sourceTree = "<group>";
		};
/* End PBXVariantGroup section */

/* Begin XCBuildConfiguration section */
		8672EB9813B4607400E64637 /* Debug */ = {
			isa = XCBuildConfiguration;
			buildSettings = {
				ARCHS = "$(ARCHS_STANDARD_32_BIT)";
				"CODE_SIGN_IDENTITY[sdk=iphoneos*]" = "iPhone Developer";
				GCC_C_LANGUAGE_STANDARD = gnu99;
				GCC_OPTIMIZATION_LEVEL = 0;
				GCC_PREPROCESSOR_DEFINITIONS = DEBUG;
				GCC_SYMBOLS_PRIVATE_EXTERN = NO;
				GCC_VERSION = com.apple.compilers.llvmgcc42;
				GCC_WARN_ABOUT_RETURN_TYPE = YES;
				GCC_WARN_UNUSED_VARIABLE = YES;
				IPHONEOS_DEPLOYMENT_TARGET = 4.3;
				SDKROOT = iphoneos;
				TARGETED_DEVICE_FAMILY = "1,2";
			};
			name = Debug;
		};
		8672EB9913B4607400E64637 /* Release */ = {
			isa = XCBuildConfiguration;
			buildSettings = {
				ARCHS = "$(ARCHS_STANDARD_32_BIT)";
				"CODE_SIGN_IDENTITY[sdk=iphoneos*]" = "iPhone Developer";
				GCC_C_LANGUAGE_STANDARD = gnu99;
				GCC_VERSION = com.apple.compilers.llvmgcc42;
				GCC_WARN_ABOUT_RETURN_TYPE = YES;
				GCC_WARN_UNUSED_VARIABLE = YES;
				IPHONEOS_DEPLOYMENT_TARGET = 4.3;
				OTHER_CFLAGS = "-DNS_BLOCK_ASSERTIONS=1";
				SDKROOT = iphoneos;
				TARGETED_DEVICE_FAMILY = "1,2";
			};
			name = Release;
		};
		8672EB9B13B4607400E64637 /* Debug */ = {
			isa = XCBuildConfiguration;
			buildSettings = {
				ALWAYS_SEARCH_USER_PATHS = NO;
				COPY_PHASE_STRIP = NO;
				GCC_DYNAMIC_NO_PIC = NO;
				GCC_PRECOMPILE_PREFIX_HEADER = YES;
				GCC_PREFIX_HEADER = "AboutTimePlus/AboutTimePlus-Prefix.pch";
				INFOPLIST_FILE = "AboutTimePlus/AboutTimePlus-Info.plist";
				PRODUCT_NAME = "$(TARGET_NAME)";
				WRAPPER_EXTENSION = app;
			};
			name = Debug;
		};
		8672EB9C13B4607400E64637 /* Release */ = {
			isa = XCBuildConfiguration;
			buildSettings = {
				ALWAYS_SEARCH_USER_PATHS = NO;
				COPY_PHASE_STRIP = YES;
				GCC_PRECOMPILE_PREFIX_HEADER = YES;
				GCC_PREFIX_HEADER = "AboutTimePlus/AboutTimePlus-Prefix.pch";
				INFOPLIST_FILE = "AboutTimePlus/AboutTimePlus-Info.plist";
				PRODUCT_NAME = "$(TARGET_NAME)";
				VALIDATE_PRODUCT = YES;
				WRAPPER_EXTENSION = app;
			};
			name = Release;
		};
/* End XCBuildConfiguration section */

/* Begin XCConfigurationList section */
		8672EB6913B4607400E64637 /* Build configuration list for PBXProject "AboutTimePlus" */ = {
			isa = XCConfigurationList;
			buildConfigurations = (
				8672EB9813B4607400E64637 /* Debug */,
				8672EB9913B4607400E64637 /* Release */,
			);
			defaultConfigurationIsVisible = 0;
			defaultConfigurationName = Release;
		};
		8672EB9A13B4607400E64637 /* Build configuration list for PBXNativeTarget "AboutTimePlus" */ = {
			isa = XCConfigurationList;
			buildConfigurations = (
				8672EB9B13B4607400E64637 /* Debug */,
				8672EB9C13B4607400E64637 /* Release */,
			);
			defaultConfigurationIsVisible = 0;
			defaultConfigurationName = Release;
		};
/* End XCConfigurationList section */

/* Begin XCVersionGroup section */
		8672EB8713B4607400E64637 /* AboutTimePlus.xcdatamodeld */ = {
			isa = XCVersionGroup;
			children = (
				8672EB8813B4607400E64637 /* AboutTimePlus.xcdatamodel */,
			);
			currentVersion = 8672EB8813B4607400E64637 /* AboutTimePlus.xcdatamodel */;
			path = AboutTimePlus.xcdatamodeld;
			sourceTree = "<group>";
			versionGroupType = wrapper.xcdatamodel;
		};
/* End XCVersionGroup section */
	};
	rootObject = 8672EB6613B4607400E64637 /* Project object */;
}
